
Microsoft Visual Studio Solution File, Format Version 12.00
# Visual Studio Version 17
VisualStudioVersion = 17.14.36414.22 d17.14
MinimumVisualStudioVersion = 10.0.40219.1
Project("{FAE04EC0-301F-11D3-BF4B-00C04F79EFBC}") = "LaBoursePiguet", "LaBoursePiguet.csproj", "{56EB5F0C-EF0C-4829-BA52-851BD14181CC}"
EndProject
Global
	GlobalSection(SolutionConfigurationPlatforms) = preSolution
		Debug|Any CPU = Debug|Any CPU
		Release|Any CPU = Release|Any CPU
	EndGlobalSection
	GlobalSection(ProjectConfigurationPlatforms) = postSolution
		{56EB5F0C-EF0C-4829-BA52-851BD14181CC}.Debug|Any CPU.ActiveCfg = Debug|Any CPU
		{56EB5F0C-EF0C-4829-BA52-851BD14181CC}.Debug|Any CPU.Build.0 = Debug|Any CPU
		{56EB5F0C-EF0C-4829-BA52-851BD14181CC}.Release|Any CPU.ActiveCfg = Release|Any CPU
		{56EB5F0C-EF0C-4829-BA52-851BD14181CC}.Release|Any CPU.Build.0 = Release|Any CPU
	EndGlobalSection
	GlobalSection(SolutionProperties) = preSolution
		HideSolutionNode = FALSE
	EndGlobalSection
	GlobalSection(ExtensibilityGlobals) = postSolution
		SolutionGuid = {51D94D7C-DE79-4B3D-AA04-AB25B57C261F}
	EndGlobalSection
EndGlobal
