
Microsoft Visual Studio Solution File, Format Version 12.00
# Visual Studio Version 17
VisualStudioVersion = 17.14.36414.22 d17.14
MinimumVisualStudioVersion = 10.0.40219.1
Project("{FAE04EC0-301F-11D3-BF4B-00C04F79EFBC}") = "words", "words.csproj", "{2FA2252A-0C60-41C6-8119-4508C76C70A2}"
EndProject
Global
	GlobalSection(SolutionConfigurationPlatforms) = preSolution
		Debug|Any CPU = Debug|Any CPU
		Release|Any CPU = Release|Any CPU
	EndGlobalSection
	GlobalSection(ProjectConfigurationPlatforms) = postSolution
		{2FA2252A-0C60-41C6-8119-4508C76C70A2}.Debug|Any CPU.ActiveCfg = Debug|Any CPU
		{2FA2252A-0C60-41C6-8119-4508C76C70A2}.Debug|Any CPU.Build.0 = Debug|Any CPU
		{2FA2252A-0C60-41C6-8119-4508C76C70A2}.Release|Any CPU.ActiveCfg = Release|Any CPU
		{2FA2252A-0C60-41C6-8119-4508C76C70A2}.Release|Any CPU.Build.0 = Release|Any CPU
	EndGlobalSection
	GlobalSection(SolutionProperties) = preSolution
		HideSolutionNode = FALSE
	EndGlobalSection
	GlobalSection(ExtensibilityGlobals) = postSolution
		SolutionGuid = {67316010-7843-4E28-B8CA-93C1BDC6222C}
	EndGlobalSection
EndGlobal
